
Microsoft Visual Studio Solution File, Format Version 12.00
# Visual Studio Version 16
VisualStudioVersion = 16.0.29418.71
MinimumVisualStudioVersion = 10.0.40219.1
Project("{FAE04EC0-301F-11D3-BF4B-00C04F79EFBC}") = "MyHashSetImplement", "MyHashSetImplement\MyHashSetImplement.csproj", "{D031A51F-70AB-464D-9C0B-9FEF880700F5}"
EndProject
Global
	GlobalSection(SolutionConfigurationPlatforms) = preSolution
		Debug|Any CPU = Debug|Any CPU
		Release|Any CPU = Release|Any CPU
	EndGlobalSection
	GlobalSection(ProjectConfigurationPlatforms) = postSolution
		{D031A51F-70AB-464D-9C0B-9FEF880700F5}.Debug|Any CPU.ActiveCfg = Debug|Any CPU
		{D031A51F-70AB-464D-9C0B-9FEF880700F5}.Debug|Any CPU.Build.0 = Debug|Any CPU
		{D031A51F-70AB-464D-9C0B-9FEF880700F5}.Release|Any CPU.ActiveCfg = Release|Any CPU
		{D031A51F-70AB-464D-9C0B-9FEF880700F5}.Release|Any CPU.Build.0 = Release|Any CPU
	EndGlobalSection
	GlobalSection(SolutionProperties) = preSolution
		HideSolutionNode = FALSE
	EndGlobalSection
	GlobalSection(ExtensibilityGlobals) = postSolution
		SolutionGuid = {5E1E6020-4F60-499E-AC3C-44DAD3DA4BA0}
	EndGlobalSection
EndGlobal
